<?xml version="1.0" encoding="UTF-8"?>
<CodeBlocks_project_file>
	<FileVersion major="1" minor="6"/>
	<Project>
		<Option title="pugixml"/>
		<Option makefile_is_custom="1"/>
		<Option compiler="gcc"/>
		<Option virtualFolders="CMake Files\;CMake Files\scripts\;"/>
		<Build>
			<Target title="all">
				<Option working_dir="C:/Users/patri/Downloads/pugixml-1.12.1/pugixml-1.12"/>
				<Option type="4"/>
				<MakeCommands>
					<Build command="D:/MSYS2/mingw64/bin/mingw32-make.exe -f &quot;C:/Users/patri/Downloads/pugixml-1.12.1/pugixml-1.12/Makefile&quot;  VERBOSE=1 all"/>
					<CompileFile command="D:/MSYS2/mingw64/bin/mingw32-make.exe -f &quot;C:/Users/patri/Downloads/pugixml-1.12.1/pugixml-1.12/Makefile&quot;  VERBOSE=1 &quot;$file&quot;"/>
					<Clean command="D:/MSYS2/mingw64/bin/mingw32-make.exe -f &quot;C:/Users/patri/Downloads/pugixml-1.12.1/pugixml-1.12/Makefile&quot;  VERBOSE=1 clean"/>
					<DistClean command="D:/MSYS2/mingw64/bin/mingw32-make.exe -f &quot;C:/Users/patri/Downloads/pugixml-1.12.1/pugixml-1.12/Makefile&quot;  VERBOSE=1 clean"/>
				</MakeCommands>
			</Target>
			<Target title="pugixml-shared">
				<Option output="C:/Users/patri/Downloads/pugixml-1.12.1/pugixml-1.12/libpugixml.dll" prefix_auto="0" extension_auto="0"/>
				<Option working_dir="C:/Users/patri/Downloads/pugixml-1.12.1/pugixml-1.12"/>
				<Option object_output="./"/>
				<Option type="3"/>
				<Option compiler="gcc"/>
				<Compiler>
					<Add directory="C:/Users/patri/Downloads/pugixml-1.12.1/pugixml-1.12/src"/>
					<Add directory="D:/MSYS2/mingw64/bin/../lib/gcc/x86_64-w64-mingw32/10.2.0/../../../../include/c++/10.2.0"/>
					<Add directory="D:/MSYS2/mingw64/bin/../lib/gcc/x86_64-w64-mingw32/10.2.0/../../../../include/c++/10.2.0/x86_64-w64-mingw32"/>
					<Add directory="D:/MSYS2/mingw64/bin/../lib/gcc/x86_64-w64-mingw32/10.2.0/../../../../include/c++/10.2.0/backward"/>
					<Add directory="D:/MSYS2/mingw64/bin/../lib/gcc/x86_64-w64-mingw32/10.2.0/include"/>
					<Add directory="D:/MSYS2/mingw64/bin/../lib/gcc/x86_64-w64-mingw32/10.2.0/../../../../include"/>
					<Add directory="D:/MSYS2/mingw64/bin/../lib/gcc/x86_64-w64-mingw32/10.2.0/include-fixed"/>
					<Add directory="D:/MSYS2/mingw64/bin/../lib/gcc/x86_64-w64-mingw32/10.2.0/../../../../x86_64-w64-mingw32/include"/>
				</Compiler>
				<MakeCommands>
					<Build command="D:/MSYS2/mingw64/bin/mingw32-make.exe -f &quot;C:/Users/patri/Downloads/pugixml-1.12.1/pugixml-1.12/Makefile&quot;  VERBOSE=1 pugixml-shared"/>
					<CompileFile command="D:/MSYS2/mingw64/bin/mingw32-make.exe -f &quot;C:/Users/patri/Downloads/pugixml-1.12.1/pugixml-1.12/Makefile&quot;  VERBOSE=1 &quot;$file&quot;"/>
					<Clean command="D:/MSYS2/mingw64/bin/mingw32-make.exe -f &quot;C:/Users/patri/Downloads/pugixml-1.12.1/pugixml-1.12/Makefile&quot;  VERBOSE=1 clean"/>
					<DistClean command="D:/MSYS2/mingw64/bin/mingw32-make.exe -f &quot;C:/Users/patri/Downloads/pugixml-1.12.1/pugixml-1.12/Makefile&quot;  VERBOSE=1 clean"/>
				</MakeCommands>
			</Target>
			<Target title="pugixml-shared/fast">
				<Option output="C:/Users/patri/Downloads/pugixml-1.12.1/pugixml-1.12/libpugixml.dll" prefix_auto="0" extension_auto="0"/>
				<Option working_dir="C:/Users/patri/Downloads/pugixml-1.12.1/pugixml-1.12"/>
				<Option object_output="./"/>
				<Option type="3"/>
				<Option compiler="gcc"/>
				<Compiler>
					<Add directory="C:/Users/patri/Downloads/pugixml-1.12.1/pugixml-1.12/src"/>
					<Add directory="D:/MSYS2/mingw64/bin/../lib/gcc/x86_64-w64-mingw32/10.2.0/../../../../include/c++/10.2.0"/>
					<Add directory="D:/MSYS2/mingw64/bin/../lib/gcc/x86_64-w64-mingw32/10.2.0/../../../../include/c++/10.2.0/x86_64-w64-mingw32"/>
					<Add directory="D:/MSYS2/mingw64/bin/../lib/gcc/x86_64-w64-mingw32/10.2.0/../../../../include/c++/10.2.0/backward"/>
					<Add directory="D:/MSYS2/mingw64/bin/../lib/gcc/x86_64-w64-mingw32/10.2.0/include"/>
					<Add directory="D:/MSYS2/mingw64/bin/../lib/gcc/x86_64-w64-mingw32/10.2.0/../../../../include"/>
					<Add directory="D:/MSYS2/mingw64/bin/../lib/gcc/x86_64-w64-mingw32/10.2.0/include-fixed"/>
					<Add directory="D:/MSYS2/mingw64/bin/../lib/gcc/x86_64-w64-mingw32/10.2.0/../../../../x86_64-w64-mingw32/include"/>
				</Compiler>
				<MakeCommands>
					<Build command="D:/MSYS2/mingw64/bin/mingw32-make.exe -f &quot;C:/Users/patri/Downloads/pugixml-1.12.1/pugixml-1.12/Makefile&quot;  VERBOSE=1 pugixml-shared/fast"/>
					<CompileFile command="D:/MSYS2/mingw64/bin/mingw32-make.exe -f &quot;C:/Users/patri/Downloads/pugixml-1.12.1/pugixml-1.12/Makefile&quot;  VERBOSE=1 &quot;$file&quot;"/>
					<Clean command="D:/MSYS2/mingw64/bin/mingw32-make.exe -f &quot;C:/Users/patri/Downloads/pugixml-1.12.1/pugixml-1.12/Makefile&quot;  VERBOSE=1 clean"/>
					<DistClean command="D:/MSYS2/mingw64/bin/mingw32-make.exe -f &quot;C:/Users/patri/Downloads/pugixml-1.12.1/pugixml-1.12/Makefile&quot;  VERBOSE=1 clean"/>
				</MakeCommands>
			</Target>
			<Target title="pugixml-static">
				<Option output="C:/Users/patri/Downloads/pugixml-1.12.1/pugixml-1.12/libpugixml.a" prefix_auto="0" extension_auto="0"/>
				<Option working_dir="C:/Users/patri/Downloads/pugixml-1.12.1/pugixml-1.12"/>
				<Option object_output="./"/>
				<Option type="2"/>
				<Option compiler="gcc"/>
				<Compiler>
					<Add directory="C:/Users/patri/Downloads/pugixml-1.12.1/pugixml-1.12/src"/>
					<Add directory="D:/MSYS2/mingw64/bin/../lib/gcc/x86_64-w64-mingw32/10.2.0/../../../../include/c++/10.2.0"/>
					<Add directory="D:/MSYS2/mingw64/bin/../lib/gcc/x86_64-w64-mingw32/10.2.0/../../../../include/c++/10.2.0/x86_64-w64-mingw32"/>
					<Add directory="D:/MSYS2/mingw64/bin/../lib/gcc/x86_64-w64-mingw32/10.2.0/../../../../include/c++/10.2.0/backward"/>
					<Add directory="D:/MSYS2/mingw64/bin/../lib/gcc/x86_64-w64-mingw32/10.2.0/include"/>
					<Add directory="D:/MSYS2/mingw64/bin/../lib/gcc/x86_64-w64-mingw32/10.2.0/../../../../include"/>
					<Add directory="D:/MSYS2/mingw64/bin/../lib/gcc/x86_64-w64-mingw32/10.2.0/include-fixed"/>
					<Add directory="D:/MSYS2/mingw64/bin/../lib/gcc/x86_64-w64-mingw32/10.2.0/../../../../x86_64-w64-mingw32/include"/>
				</Compiler>
				<MakeCommands>
					<Build command="D:/MSYS2/mingw64/bin/mingw32-make.exe -f &quot;C:/Users/patri/Downloads/pugixml-1.12.1/pugixml-1.12/Makefile&quot;  VERBOSE=1 pugixml-static"/>
					<CompileFile command="D:/MSYS2/mingw64/bin/mingw32-make.exe -f &quot;C:/Users/patri/Downloads/pugixml-1.12.1/pugixml-1.12/Makefile&quot;  VERBOSE=1 &quot;$file&quot;"/>
					<Clean command="D:/MSYS2/mingw64/bin/mingw32-make.exe -f &quot;C:/Users/patri/Downloads/pugixml-1.12.1/pugixml-1.12/Makefile&quot;  VERBOSE=1 clean"/>
					<DistClean command="D:/MSYS2/mingw64/bin/mingw32-make.exe -f &quot;C:/Users/patri/Downloads/pugixml-1.12.1/pugixml-1.12/Makefile&quot;  VERBOSE=1 clean"/>
				</MakeCommands>
			</Target>
			<Target title="pugixml-static/fast">
				<Option output="C:/Users/patri/Downloads/pugixml-1.12.1/pugixml-1.12/libpugixml.a" prefix_auto="0" extension_auto="0"/>
				<Option working_dir="C:/Users/patri/Downloads/pugixml-1.12.1/pugixml-1.12"/>
				<Option object_output="./"/>
				<Option type="2"/>
				<Option compiler="gcc"/>
				<Compiler>
					<Add directory="C:/Users/patri/Downloads/pugixml-1.12.1/pugixml-1.12/src"/>
					<Add directory="D:/MSYS2/mingw64/bin/../lib/gcc/x86_64-w64-mingw32/10.2.0/../../../../include/c++/10.2.0"/>
					<Add directory="D:/MSYS2/mingw64/bin/../lib/gcc/x86_64-w64-mingw32/10.2.0/../../../../include/c++/10.2.0/x86_64-w64-mingw32"/>
					<Add directory="D:/MSYS2/mingw64/bin/../lib/gcc/x86_64-w64-mingw32/10.2.0/../../../../include/c++/10.2.0/backward"/>
					<Add directory="D:/MSYS2/mingw64/bin/../lib/gcc/x86_64-w64-mingw32/10.2.0/include"/>
					<Add directory="D:/MSYS2/mingw64/bin/../lib/gcc/x86_64-w64-mingw32/10.2.0/../../../../include"/>
					<Add directory="D:/MSYS2/mingw64/bin/../lib/gcc/x86_64-w64-mingw32/10.2.0/include-fixed"/>
					<Add directory="D:/MSYS2/mingw64/bin/../lib/gcc/x86_64-w64-mingw32/10.2.0/../../../../x86_64-w64-mingw32/include"/>
				</Compiler>
				<MakeCommands>
					<Build command="D:/MSYS2/mingw64/bin/mingw32-make.exe -f &quot;C:/Users/patri/Downloads/pugixml-1.12.1/pugixml-1.12/Makefile&quot;  VERBOSE=1 pugixml-static/fast"/>
					<CompileFile command="D:/MSYS2/mingw64/bin/mingw32-make.exe -f &quot;C:/Users/patri/Downloads/pugixml-1.12.1/pugixml-1.12/Makefile&quot;  VERBOSE=1 &quot;$file&quot;"/>
					<Clean command="D:/MSYS2/mingw64/bin/mingw32-make.exe -f &quot;C:/Users/patri/Downloads/pugixml-1.12.1/pugixml-1.12/Makefile&quot;  VERBOSE=1 clean"/>
					<DistClean command="D:/MSYS2/mingw64/bin/mingw32-make.exe -f &quot;C:/Users/patri/Downloads/pugixml-1.12.1/pugixml-1.12/Makefile&quot;  VERBOSE=1 clean"/>
				</MakeCommands>
			</Target>
			<Target title="edit_cache">
				<Option working_dir="C:/Users/patri/Downloads/pugixml-1.12.1/pugixml-1.12"/>
				<Option type="4"/>
				<MakeCommands>
					<Build command="D:/MSYS2/mingw64/bin/mingw32-make.exe -f &quot;C:/Users/patri/Downloads/pugixml-1.12.1/pugixml-1.12/Makefile&quot;  VERBOSE=1 edit_cache"/>
					<CompileFile command="D:/MSYS2/mingw64/bin/mingw32-make.exe -f &quot;C:/Users/patri/Downloads/pugixml-1.12.1/pugixml-1.12/Makefile&quot;  VERBOSE=1 &quot;$file&quot;"/>
					<Clean command="D:/MSYS2/mingw64/bin/mingw32-make.exe -f &quot;C:/Users/patri/Downloads/pugixml-1.12.1/pugixml-1.12/Makefile&quot;  VERBOSE=1 clean"/>
					<DistClean command="D:/MSYS2/mingw64/bin/mingw32-make.exe -f &quot;C:/Users/patri/Downloads/pugixml-1.12.1/pugixml-1.12/Makefile&quot;  VERBOSE=1 clean"/>
				</MakeCommands>
			</Target>
			<Target title="rebuild_cache">
				<Option working_dir="C:/Users/patri/Downloads/pugixml-1.12.1/pugixml-1.12"/>
				<Option type="4"/>
				<MakeCommands>
					<Build command="D:/MSYS2/mingw64/bin/mingw32-make.exe -f &quot;C:/Users/patri/Downloads/pugixml-1.12.1/pugixml-1.12/Makefile&quot;  VERBOSE=1 rebuild_cache"/>
					<CompileFile command="D:/MSYS2/mingw64/bin/mingw32-make.exe -f &quot;C:/Users/patri/Downloads/pugixml-1.12.1/pugixml-1.12/Makefile&quot;  VERBOSE=1 &quot;$file&quot;"/>
					<Clean command="D:/MSYS2/mingw64/bin/mingw32-make.exe -f &quot;C:/Users/patri/Downloads/pugixml-1.12.1/pugixml-1.12/Makefile&quot;  VERBOSE=1 clean"/>
					<DistClean command="D:/MSYS2/mingw64/bin/mingw32-make.exe -f &quot;C:/Users/patri/Downloads/pugixml-1.12.1/pugixml-1.12/Makefile&quot;  VERBOSE=1 clean"/>
				</MakeCommands>
			</Target>
			<Target title="list_install_components">
				<Option working_dir="C:/Users/patri/Downloads/pugixml-1.12.1/pugixml-1.12"/>
				<Option type="4"/>
				<MakeCommands>
					<Build command="D:/MSYS2/mingw64/bin/mingw32-make.exe -f &quot;C:/Users/patri/Downloads/pugixml-1.12.1/pugixml-1.12/Makefile&quot;  VERBOSE=1 list_install_components"/>
					<CompileFile command="D:/MSYS2/mingw64/bin/mingw32-make.exe -f &quot;C:/Users/patri/Downloads/pugixml-1.12.1/pugixml-1.12/Makefile&quot;  VERBOSE=1 &quot;$file&quot;"/>
					<Clean command="D:/MSYS2/mingw64/bin/mingw32-make.exe -f &quot;C:/Users/patri/Downloads/pugixml-1.12.1/pugixml-1.12/Makefile&quot;  VERBOSE=1 clean"/>
					<DistClean command="D:/MSYS2/mingw64/bin/mingw32-make.exe -f &quot;C:/Users/patri/Downloads/pugixml-1.12.1/pugixml-1.12/Makefile&quot;  VERBOSE=1 clean"/>
				</MakeCommands>
			</Target>
			<Target title="install">
				<Option working_dir="C:/Users/patri/Downloads/pugixml-1.12.1/pugixml-1.12"/>
				<Option type="4"/>
				<MakeCommands>
					<Build command="D:/MSYS2/mingw64/bin/mingw32-make.exe -f &quot;C:/Users/patri/Downloads/pugixml-1.12.1/pugixml-1.12/Makefile&quot;  VERBOSE=1 install"/>
					<CompileFile command="D:/MSYS2/mingw64/bin/mingw32-make.exe -f &quot;C:/Users/patri/Downloads/pugixml-1.12.1/pugixml-1.12/Makefile&quot;  VERBOSE=1 &quot;$file&quot;"/>
					<Clean command="D:/MSYS2/mingw64/bin/mingw32-make.exe -f &quot;C:/Users/patri/Downloads/pugixml-1.12.1/pugixml-1.12/Makefile&quot;  VERBOSE=1 clean"/>
					<DistClean command="D:/MSYS2/mingw64/bin/mingw32-make.exe -f &quot;C:/Users/patri/Downloads/pugixml-1.12.1/pugixml-1.12/Makefile&quot;  VERBOSE=1 clean"/>
				</MakeCommands>
			</Target>
			<Target title="install/local">
				<Option working_dir="C:/Users/patri/Downloads/pugixml-1.12.1/pugixml-1.12"/>
				<Option type="4"/>
				<MakeCommands>
					<Build command="D:/MSYS2/mingw64/bin/mingw32-make.exe -f &quot;C:/Users/patri/Downloads/pugixml-1.12.1/pugixml-1.12/Makefile&quot;  VERBOSE=1 install/local"/>
					<CompileFile command="D:/MSYS2/mingw64/bin/mingw32-make.exe -f &quot;C:/Users/patri/Downloads/pugixml-1.12.1/pugixml-1.12/Makefile&quot;  VERBOSE=1 &quot;$file&quot;"/>
					<Clean command="D:/MSYS2/mingw64/bin/mingw32-make.exe -f &quot;C:/Users/patri/Downloads/pugixml-1.12.1/pugixml-1.12/Makefile&quot;  VERBOSE=1 clean"/>
					<DistClean command="D:/MSYS2/mingw64/bin/mingw32-make.exe -f &quot;C:/Users/patri/Downloads/pugixml-1.12.1/pugixml-1.12/Makefile&quot;  VERBOSE=1 clean"/>
				</MakeCommands>
			</Target>
			<Target title="install/strip">
				<Option working_dir="C:/Users/patri/Downloads/pugixml-1.12.1/pugixml-1.12"/>
				<Option type="4"/>
				<MakeCommands>
					<Build command="D:/MSYS2/mingw64/bin/mingw32-make.exe -f &quot;C:/Users/patri/Downloads/pugixml-1.12.1/pugixml-1.12/Makefile&quot;  VERBOSE=1 install/strip"/>
					<CompileFile command="D:/MSYS2/mingw64/bin/mingw32-make.exe -f &quot;C:/Users/patri/Downloads/pugixml-1.12.1/pugixml-1.12/Makefile&quot;  VERBOSE=1 &quot;$file&quot;"/>
					<Clean command="D:/MSYS2/mingw64/bin/mingw32-make.exe -f &quot;C:/Users/patri/Downloads/pugixml-1.12.1/pugixml-1.12/Makefile&quot;  VERBOSE=1 clean"/>
					<DistClean command="D:/MSYS2/mingw64/bin/mingw32-make.exe -f &quot;C:/Users/patri/Downloads/pugixml-1.12.1/pugixml-1.12/Makefile&quot;  VERBOSE=1 clean"/>
				</MakeCommands>
			</Target>
		</Build>
		<Unit filename="C:/Users/patri/Downloads/pugixml-1.12.1/pugixml-1.12/scripts/pugixml_dll.rc">
			<Option target="pugixml-shared"/>
		</Unit>
		<Unit filename="C:/Users/patri/Downloads/pugixml-1.12.1/pugixml-1.12/src/pugixml.cpp">
			<Option target="pugixml-shared"/>
			<Option target="pugixml-static"/>
		</Unit>
		<Unit filename="C:/Users/patri/Downloads/pugixml-1.12.1/pugixml-1.12/src/pugixml.hpp">
			<Option target="pugixml-shared"/>
			<Option target="pugixml-static"/>
		</Unit>
		<Unit filename="C:/Users/patri/Downloads/pugixml-1.12.1/pugixml-1.12/CMakeLists.txt">
			<Option virtualFolder="CMake Files\"/>
		</Unit>
		<Unit filename="C:/Users/patri/Downloads/pugixml-1.12.1/pugixml-1.12/scripts/pugixml-config.cmake.in">
			<Option virtualFolder="CMake Files\scripts\"/>
		</Unit>
		<Unit filename="C:/Users/patri/Downloads/pugixml-1.12.1/pugixml-1.12/scripts/pugixml.pc.in">
			<Option virtualFolder="CMake Files\scripts\"/>
		</Unit>
	</Project>
</CodeBlocks_project_file>
