<?xml version="1.0" encoding="UTF-8" standalone="yes" ?>
<CodeBlocks_project_file>
	<FileVersion major="1" minor="6" />
	<Project>
		<Option title="MakaiLib" />
		<Option pch_mode="2" />
		<Option default_target="Release" />
		<Option compiler="gcc" />
		<Build>
			<Target title="Debug">
				<Option output="bin/Debug/MakaiLib" prefix_auto="1" extension_auto="1" />
				<Option object_output="obj/Debug/" />
				<Option type="1" />
				<Option compiler="gcc" />
				<Compiler>
					<Add option="-g" />
					<Add option="-D_DEBUG_OUTPUT_" />
				</Compiler>
				<Linker>
					<Add library="lib/allegro/x86_64-w64-mingw32-gcc-dynamic-5.2.8.0/allegro/lib/liballegro-debug.dll.a" />
					<Add library="lib/allegro/x86_64-w64-mingw32-gcc-dynamic-5.2.8.0/allegro/lib/liballegro_acodec-debug.dll.a" />
					<Add library="lib/allegro/x86_64-w64-mingw32-gcc-dynamic-5.2.8.0/allegro/lib/liballegro_audio-debug.dll.a" />
					<Add library="lib/allegro/x86_64-w64-mingw32-gcc-dynamic-5.2.8.0/allegro/lib/liballegro_color-debug.dll.a" />
					<Add library="lib/allegro/x86_64-w64-mingw32-gcc-dynamic-5.2.8.0/allegro/lib/liballegro_dialog-debug.dll.a" />
					<Add library="lib/allegro/x86_64-w64-mingw32-gcc-dynamic-5.2.8.0/allegro/lib/liballegro_font-debug.dll.a" />
					<Add library="lib/allegro/x86_64-w64-mingw32-gcc-dynamic-5.2.8.0/allegro/lib/liballegro_image-debug.dll.a" />
					<Add library="lib/allegro/x86_64-w64-mingw32-gcc-dynamic-5.2.8.0/allegro/lib/liballegro_main-debug.dll.a" />
					<Add library="lib/allegro/x86_64-w64-mingw32-gcc-dynamic-5.2.8.0/allegro/lib/liballegro_memfile-debug.dll.a" />
					<Add library="lib/allegro/x86_64-w64-mingw32-gcc-dynamic-5.2.8.0/allegro/lib/liballegro_monolith-debug.dll.a" />
					<Add library="lib/allegro/x86_64-w64-mingw32-gcc-dynamic-5.2.8.0/allegro/lib/liballegro_physfs-debug.dll.a" />
					<Add library="lib/allegro/x86_64-w64-mingw32-gcc-dynamic-5.2.8.0/allegro/lib/liballegro_primitives-debug.dll.a" />
					<Add library="lib/allegro/x86_64-w64-mingw32-gcc-dynamic-5.2.8.0/allegro/lib/liballegro_ttf-debug.dll.a" />
					<Add library="lib/allegro/x86_64-w64-mingw32-gcc-dynamic-5.2.8.0/allegro/lib/liballegro_video-debug.dll.a" />
					<Add library="opengl32" />
				</Linker>
			</Target>
			<Target title="Release">
				<Option output="bin/Release/MakaiLib" prefix_auto="1" extension_auto="1" />
				<Option object_output="obj/Release/" />
				<Option type="1" />
				<Option compiler="gcc" />
				<Compiler>
					<Add option="-O2" />
				</Compiler>
				<Linker>
					<Add option="-s" />
					<Add library="lib/allegro/x86_64-w64-mingw32-gcc-dynamic-5.2.8.0/allegro/lib/liballegro.dll.a" />
					<Add library="lib/allegro/x86_64-w64-mingw32-gcc-dynamic-5.2.8.0/allegro/lib/liballegro_acodec.dll.a" />
					<Add library="lib/allegro/x86_64-w64-mingw32-gcc-dynamic-5.2.8.0/allegro/lib/liballegro_audio.dll.a" />
					<Add library="lib/allegro/x86_64-w64-mingw32-gcc-dynamic-5.2.8.0/allegro/lib/liballegro_color.dll.a" />
					<Add library="lib/allegro/x86_64-w64-mingw32-gcc-dynamic-5.2.8.0/allegro/lib/liballegro_dialog.dll.a" />
					<Add library="lib/allegro/x86_64-w64-mingw32-gcc-dynamic-5.2.8.0/allegro/lib/liballegro_font.dll.a" />
					<Add library="lib/allegro/x86_64-w64-mingw32-gcc-dynamic-5.2.8.0/allegro/lib/liballegro_image.dll.a" />
					<Add library="lib/allegro/x86_64-w64-mingw32-gcc-dynamic-5.2.8.0/allegro/lib/liballegro_main.dll.a" />
					<Add library="lib/allegro/x86_64-w64-mingw32-gcc-dynamic-5.2.8.0/allegro/lib/liballegro_memfile.dll.a" />
					<Add library="lib/allegro/x86_64-w64-mingw32-gcc-dynamic-5.2.8.0/allegro/lib/liballegro_monolith.dll.a" />
					<Add library="lib/allegro/x86_64-w64-mingw32-gcc-dynamic-5.2.8.0/allegro/lib/liballegro_physfs.dll.a" />
					<Add library="lib/allegro/x86_64-w64-mingw32-gcc-dynamic-5.2.8.0/allegro/lib/liballegro_primitives.dll.a" />
					<Add library="lib/allegro/x86_64-w64-mingw32-gcc-dynamic-5.2.8.0/allegro/lib/liballegro_ttf.dll.a" />
					<Add library="lib/allegro/x86_64-w64-mingw32-gcc-dynamic-5.2.8.0/allegro/lib/liballegro_video.dll.a" />
					<Add library="opengl32" />
				</Linker>
			</Target>
		</Build>
		<Compiler>
			<Add option="-Wall" />
			<Add option="-std=c++20" />
			<Add option="-ftree-parallelize-loops=2" />
			<Add directory="lib" />
			<Add directory="lib/allegro/x86_64-w64-mingw32-gcc-static-5.2.8.0/allegro/include" />
		</Compiler>
		<ResourceCompiler>
			<Add directory="lib" />
			<Add directory="lib/allegro/x86_64-w64-mingw32-gcc-static-5.2.8.0/allegro/include" />
		</ResourceCompiler>
		<Linker>
			<Add option="-O2" />
			<Add directory="lib" />
			<Add directory="lib/allegro/x86_64-w64-mingw32-gcc-static-5.2.8.0/allegro/include" />
		</Linker>
		<Unit filename="lib/allegro/x86_64-w64-mingw32-gcc-static-5.2.8.0/allegro/include/allegro5/alcompat.h" />
		<Unit filename="lib/allegro/x86_64-w64-mingw32-gcc-static-5.2.8.0/allegro/include/allegro5/allegro.h" />
		<Unit filename="lib/allegro/x86_64-w64-mingw32-gcc-static-5.2.8.0/allegro/include/allegro5/allegro5.h" />
		<Unit filename="lib/allegro/x86_64-w64-mingw32-gcc-static-5.2.8.0/allegro/include/allegro5/allegro_acodec.h" />
		<Unit filename="lib/allegro/x86_64-w64-mingw32-gcc-static-5.2.8.0/allegro/include/allegro5/allegro_audio.h" />
		<Unit filename="lib/allegro/x86_64-w64-mingw32-gcc-static-5.2.8.0/allegro/include/allegro5/allegro_color.h" />
		<Unit filename="lib/allegro/x86_64-w64-mingw32-gcc-static-5.2.8.0/allegro/include/allegro5/allegro_direct3d.h" />
		<Unit filename="lib/allegro/x86_64-w64-mingw32-gcc-static-5.2.8.0/allegro/include/allegro5/allegro_font.h" />
		<Unit filename="lib/allegro/x86_64-w64-mingw32-gcc-static-5.2.8.0/allegro/include/allegro5/allegro_image.h" />
		<Unit filename="lib/allegro/x86_64-w64-mingw32-gcc-static-5.2.8.0/allegro/include/allegro5/allegro_memfile.h" />
		<Unit filename="lib/allegro/x86_64-w64-mingw32-gcc-static-5.2.8.0/allegro/include/allegro5/allegro_native_dialog.h" />
		<Unit filename="lib/allegro/x86_64-w64-mingw32-gcc-static-5.2.8.0/allegro/include/allegro5/allegro_opengl.h" />
		<Unit filename="lib/allegro/x86_64-w64-mingw32-gcc-static-5.2.8.0/allegro/include/allegro5/allegro_physfs.h" />
		<Unit filename="lib/allegro/x86_64-w64-mingw32-gcc-static-5.2.8.0/allegro/include/allegro5/allegro_primitives.h" />
		<Unit filename="lib/allegro/x86_64-w64-mingw32-gcc-static-5.2.8.0/allegro/include/allegro5/allegro_ttf.h" />
		<Unit filename="lib/allegro/x86_64-w64-mingw32-gcc-static-5.2.8.0/allegro/include/allegro5/allegro_video.h" />
		<Unit filename="lib/allegro/x86_64-w64-mingw32-gcc-static-5.2.8.0/allegro/include/allegro5/allegro_windows.h" />
		<Unit filename="lib/allegro/x86_64-w64-mingw32-gcc-static-5.2.8.0/allegro/include/allegro5/altime.h" />
		<Unit filename="lib/allegro/x86_64-w64-mingw32-gcc-static-5.2.8.0/allegro/include/allegro5/base.h" />
		<Unit filename="lib/allegro/x86_64-w64-mingw32-gcc-static-5.2.8.0/allegro/include/allegro5/bitmap.h" />
		<Unit filename="lib/allegro/x86_64-w64-mingw32-gcc-static-5.2.8.0/allegro/include/allegro5/bitmap_draw.h" />
		<Unit filename="lib/allegro/x86_64-w64-mingw32-gcc-static-5.2.8.0/allegro/include/allegro5/bitmap_io.h" />
		<Unit filename="lib/allegro/x86_64-w64-mingw32-gcc-static-5.2.8.0/allegro/include/allegro5/bitmap_lock.h" />
		<Unit filename="lib/allegro/x86_64-w64-mingw32-gcc-static-5.2.8.0/allegro/include/allegro5/blender.h" />
		<Unit filename="lib/allegro/x86_64-w64-mingw32-gcc-static-5.2.8.0/allegro/include/allegro5/clipboard.h" />
		<Unit filename="lib/allegro/x86_64-w64-mingw32-gcc-static-5.2.8.0/allegro/include/allegro5/color.h" />
		<Unit filename="lib/allegro/x86_64-w64-mingw32-gcc-static-5.2.8.0/allegro/include/allegro5/config.h" />
		<Unit filename="lib/allegro/x86_64-w64-mingw32-gcc-static-5.2.8.0/allegro/include/allegro5/cpu.h" />
		<Unit filename="lib/allegro/x86_64-w64-mingw32-gcc-static-5.2.8.0/allegro/include/allegro5/debug.h" />
		<Unit filename="lib/allegro/x86_64-w64-mingw32-gcc-static-5.2.8.0/allegro/include/allegro5/display.h" />
		<Unit filename="lib/allegro/x86_64-w64-mingw32-gcc-static-5.2.8.0/allegro/include/allegro5/drawing.h" />
		<Unit filename="lib/allegro/x86_64-w64-mingw32-gcc-static-5.2.8.0/allegro/include/allegro5/error.h" />
		<Unit filename="lib/allegro/x86_64-w64-mingw32-gcc-static-5.2.8.0/allegro/include/allegro5/events.h" />
		<Unit filename="lib/allegro/x86_64-w64-mingw32-gcc-static-5.2.8.0/allegro/include/allegro5/file.h" />
		<Unit filename="lib/allegro/x86_64-w64-mingw32-gcc-static-5.2.8.0/allegro/include/allegro5/fixed.h" />
		<Unit filename="lib/allegro/x86_64-w64-mingw32-gcc-static-5.2.8.0/allegro/include/allegro5/fmaths.h" />
		<Unit filename="lib/allegro/x86_64-w64-mingw32-gcc-static-5.2.8.0/allegro/include/allegro5/fshook.h" />
		<Unit filename="lib/allegro/x86_64-w64-mingw32-gcc-static-5.2.8.0/allegro/include/allegro5/fullscreen_mode.h" />
		<Unit filename="lib/allegro/x86_64-w64-mingw32-gcc-static-5.2.8.0/allegro/include/allegro5/haptic.h" />
		<Unit filename="lib/allegro/x86_64-w64-mingw32-gcc-static-5.2.8.0/allegro/include/allegro5/internal/alconfig.h" />
		<Unit filename="lib/allegro/x86_64-w64-mingw32-gcc-static-5.2.8.0/allegro/include/allegro5/joystick.h" />
		<Unit filename="lib/allegro/x86_64-w64-mingw32-gcc-static-5.2.8.0/allegro/include/allegro5/keyboard.h" />
		<Unit filename="lib/allegro/x86_64-w64-mingw32-gcc-static-5.2.8.0/allegro/include/allegro5/keycodes.h" />
		<Unit filename="lib/allegro/x86_64-w64-mingw32-gcc-static-5.2.8.0/allegro/include/allegro5/memory.h" />
		<Unit filename="lib/allegro/x86_64-w64-mingw32-gcc-static-5.2.8.0/allegro/include/allegro5/monitor.h" />
		<Unit filename="lib/allegro/x86_64-w64-mingw32-gcc-static-5.2.8.0/allegro/include/allegro5/mouse.h" />
		<Unit filename="lib/allegro/x86_64-w64-mingw32-gcc-static-5.2.8.0/allegro/include/allegro5/mouse_cursor.h" />
		<Unit filename="lib/allegro/x86_64-w64-mingw32-gcc-static-5.2.8.0/allegro/include/allegro5/opengl/GLext/gl_ext_alias.h" />
		<Unit filename="lib/allegro/x86_64-w64-mingw32-gcc-static-5.2.8.0/allegro/include/allegro5/opengl/GLext/gl_ext_api.h" />
		<Unit filename="lib/allegro/x86_64-w64-mingw32-gcc-static-5.2.8.0/allegro/include/allegro5/opengl/GLext/gl_ext_defs.h" />
		<Unit filename="lib/allegro/x86_64-w64-mingw32-gcc-static-5.2.8.0/allegro/include/allegro5/opengl/GLext/gl_ext_list.h" />
		<Unit filename="lib/allegro/x86_64-w64-mingw32-gcc-static-5.2.8.0/allegro/include/allegro5/opengl/GLext/glx_ext_alias.h" />
		<Unit filename="lib/allegro/x86_64-w64-mingw32-gcc-static-5.2.8.0/allegro/include/allegro5/opengl/GLext/glx_ext_api.h" />
		<Unit filename="lib/allegro/x86_64-w64-mingw32-gcc-static-5.2.8.0/allegro/include/allegro5/opengl/GLext/glx_ext_defs.h" />
		<Unit filename="lib/allegro/x86_64-w64-mingw32-gcc-static-5.2.8.0/allegro/include/allegro5/opengl/GLext/glx_ext_list.h" />
		<Unit filename="lib/allegro/x86_64-w64-mingw32-gcc-static-5.2.8.0/allegro/include/allegro5/opengl/GLext/wgl_ext_alias.h" />
		<Unit filename="lib/allegro/x86_64-w64-mingw32-gcc-static-5.2.8.0/allegro/include/allegro5/opengl/GLext/wgl_ext_api.h" />
		<Unit filename="lib/allegro/x86_64-w64-mingw32-gcc-static-5.2.8.0/allegro/include/allegro5/opengl/GLext/wgl_ext_defs.h" />
		<Unit filename="lib/allegro/x86_64-w64-mingw32-gcc-static-5.2.8.0/allegro/include/allegro5/opengl/GLext/wgl_ext_list.h" />
		<Unit filename="lib/allegro/x86_64-w64-mingw32-gcc-static-5.2.8.0/allegro/include/allegro5/opengl/gl_ext.h" />
		<Unit filename="lib/allegro/x86_64-w64-mingw32-gcc-static-5.2.8.0/allegro/include/allegro5/path.h" />
		<Unit filename="lib/allegro/x86_64-w64-mingw32-gcc-static-5.2.8.0/allegro/include/allegro5/platform/alandroid.h" />
		<Unit filename="lib/allegro/x86_64-w64-mingw32-gcc-static-5.2.8.0/allegro/include/allegro5/platform/alandroidcfg.h" />
		<Unit filename="lib/allegro/x86_64-w64-mingw32-gcc-static-5.2.8.0/allegro/include/allegro5/platform/albcc32.h" />
		<Unit filename="lib/allegro/x86_64-w64-mingw32-gcc-static-5.2.8.0/allegro/include/allegro5/platform/aliphone.h" />
		<Unit filename="lib/allegro/x86_64-w64-mingw32-gcc-static-5.2.8.0/allegro/include/allegro5/platform/aliphonecfg.h" />
		<Unit filename="lib/allegro/x86_64-w64-mingw32-gcc-static-5.2.8.0/allegro/include/allegro5/platform/allegro_sdl_config.h" />
		<Unit filename="lib/allegro/x86_64-w64-mingw32-gcc-static-5.2.8.0/allegro/include/allegro5/platform/almngw32.h" />
		<Unit filename="lib/allegro/x86_64-w64-mingw32-gcc-static-5.2.8.0/allegro/include/allegro5/platform/almsvc.h" />
		<Unit filename="lib/allegro/x86_64-w64-mingw32-gcc-static-5.2.8.0/allegro/include/allegro5/platform/alosx.h" />
		<Unit filename="lib/allegro/x86_64-w64-mingw32-gcc-static-5.2.8.0/allegro/include/allegro5/platform/alosxcfg.h" />
		<Unit filename="lib/allegro/x86_64-w64-mingw32-gcc-static-5.2.8.0/allegro/include/allegro5/platform/alplatf.h" />
		<Unit filename="lib/allegro/x86_64-w64-mingw32-gcc-static-5.2.8.0/allegro/include/allegro5/platform/alraspberrypi.h" />
		<Unit filename="lib/allegro/x86_64-w64-mingw32-gcc-static-5.2.8.0/allegro/include/allegro5/platform/alraspberrypicfg.h" />
		<Unit filename="lib/allegro/x86_64-w64-mingw32-gcc-static-5.2.8.0/allegro/include/allegro5/platform/alucfg.h" />
		<Unit filename="lib/allegro/x86_64-w64-mingw32-gcc-static-5.2.8.0/allegro/include/allegro5/platform/alunix.h" />
		<Unit filename="lib/allegro/x86_64-w64-mingw32-gcc-static-5.2.8.0/allegro/include/allegro5/platform/alwatcom.h" />
		<Unit filename="lib/allegro/x86_64-w64-mingw32-gcc-static-5.2.8.0/allegro/include/allegro5/platform/alwin.h" />
		<Unit filename="lib/allegro/x86_64-w64-mingw32-gcc-static-5.2.8.0/allegro/include/allegro5/platform/astdbool.h" />
		<Unit filename="lib/allegro/x86_64-w64-mingw32-gcc-static-5.2.8.0/allegro/include/allegro5/platform/astdint.h" />
		<Unit filename="lib/allegro/x86_64-w64-mingw32-gcc-static-5.2.8.0/allegro/include/allegro5/render_state.h" />
		<Unit filename="lib/allegro/x86_64-w64-mingw32-gcc-static-5.2.8.0/allegro/include/allegro5/shader.h" />
		<Unit filename="lib/allegro/x86_64-w64-mingw32-gcc-static-5.2.8.0/allegro/include/allegro5/system.h" />
		<Unit filename="lib/allegro/x86_64-w64-mingw32-gcc-static-5.2.8.0/allegro/include/allegro5/threads.h" />
		<Unit filename="lib/allegro/x86_64-w64-mingw32-gcc-static-5.2.8.0/allegro/include/allegro5/timer.h" />
		<Unit filename="lib/allegro/x86_64-w64-mingw32-gcc-static-5.2.8.0/allegro/include/allegro5/tls.h" />
		<Unit filename="lib/allegro/x86_64-w64-mingw32-gcc-static-5.2.8.0/allegro/include/allegro5/touch_input.h" />
		<Unit filename="lib/allegro/x86_64-w64-mingw32-gcc-static-5.2.8.0/allegro/include/allegro5/transformations.h" />
		<Unit filename="lib/allegro/x86_64-w64-mingw32-gcc-static-5.2.8.0/allegro/include/allegro5/utf8.h" />
		<Unit filename="lib/makai.hpp" />
		<Unit filename="makai.cpp" />
		<Extensions>
			<DoxyBlocks>
				<comment_style block="0" line="2" />
				<doxyfile_project />
				<doxyfile_build />
				<doxyfile_warnings />
				<doxyfile_output />
				<doxyfile_dot />
				<general />
			</DoxyBlocks>
			<lib_finder disable_auto="1" />
		</Extensions>
	</Project>
</CodeBlocks_project_file>
