<?xml version="1.0" encoding="UTF-8" standalone="yes" ?>
<CodeBlocks_project_file>
	<FileVersion major="1" minor="6" />
	<Project>
		<Option title="MakaiLib" />
		<Option platforms="Windows;Unix;" />
		<Option pch_mode="2" />
		<Option default_target="Release" />
		<Option compiler="gcc" />
		<Build>
			<Target title="Debug Windows">
				<Option platforms="Windows;" />
				<Option output="bin/Debug/Windows/program" prefix_auto="1" extension_auto="1" />
				<Option working_dir="res" />
				<Option object_output="obj/Debug/Windows" />
				<Option type="1" />
				<Option compiler="gcc" />
				<Compiler>
					<Add option="-pg" />
					<Add option="-g" />
					<Add option="-fsanitize=leak" />
					<Add option="-fno-omit-frame-pointer" />
					<Add option="-D_DEBUG_OUTPUT_" />
				</Compiler>
				<Linker>
					<Add option="-pg -lgmon" />
					<Add library="opengl32" />
					<Add library="powrprof" />
					<Add library="winmm" />
				</Linker>
			</Target>
			<Target title="Debug Linux">
				<Option platforms="Unix;" />
				<Option output="bin/Debug/Linux/program" prefix_auto="1" extension_auto="1" />
				<Option working_dir="res" />
				<Option object_output="obj/Debug/Linux" />
				<Option type="1" />
				<Option compiler="gcc" />
				<Compiler>
					<Add option="-ftree-parallelize-loops=4" />
					<Add option="-fopenmp" />
				</Compiler>
				<Linker>
					<Add option="-O1" />
					<Add library="opengl32" />
				</Linker>
			</Target>
			<Target title="Release Windows">
				<Option platforms="Windows;" />
				<Option output="bin/Release/Windows/program" prefix_auto="1" extension_auto="1" />
				<Option working_dir="res" />
				<Option object_output="obj/Release/Windows" />
				<Option type="0" />
				<Option compiler="gcc" />
				<Compiler>
					<Add option="-lwinpthreads" />
					<Add option="-ftree-parallelize-loops=128" />
					<Add option="-funswitch-loops" />
					<Add option="-fpredictive-commoning" />
					<Add option="-fgcse-after-reload" />
					<Add option="-ftree-vectorize" />
				</Compiler>
				<Linker>
					<Add option="-O1" />
					<Add library="opengl32" />
					<Add library="powrprof" />
					<Add library="winmm" />
				</Linker>
			</Target>
			<Target title="Release Linux">
				<Option platforms="Unix;" />
				<Option output="bin/Release/Linux/program" prefix_auto="1" extension_auto="1" />
				<Option working_dir="res" />
				<Option object_output="obj/Release/Linux" />
				<Option type="0" />
				<Option compiler="gcc" />
				<Compiler>
					<Add option="-ftree-parallelize-loops=4" />
					<Add option="-fopenmp" />
				</Compiler>
				<Linker>
					<Add option="-O1" />
					<Add library="opengl32" />
				</Linker>
			</Target>
		</Build>
		<Compiler>
			<Add option="-fexpensive-optimizations" />
			<Add option="-flto" />
			<Add option="-Wall" />
			<Add option="-m64" />
			<Add option="-std=gnu++20" />
			<Add option="-fcoroutines" />
			<Add option="-fopenmp" />
			<Add option="-openmp" />
			<Add directory="lib" />
			<Add directory="lib/SDL2-2.0.10/include" />
			<Add directory="lib/OpenGL" />
			<Add directory="lib/OpenGL/GLEW/include" />
			<Add directory="lib/cute_headers" />
			<Add directory="lib/stb" />
		</Compiler>
		<ResourceCompiler>
			<Add directory="lib" />
			<Add directory="lib/SDL2-2.0.10/include" />
			<Add directory="lib/OpenGL" />
			<Add directory="lib/OpenGL/GLEW/include" />
			<Add directory="lib/cute_headers" />
			<Add directory="lib/stb" />
		</ResourceCompiler>
		<Linker>
			<Add option="-flto" />
			<Add option="-static-libstdc++" />
			<Add option="-static-libgcc" />
			<Add option="-static" />
			<Add option="-m64" />
			<Add library="lib/SDL2-2.0.10/lib/libSDL2.dll.a" />
			<Add library="lib/SDL2-2.0.10/lib/libSDL2main.a" />
			<Add library="lib/SDL2-2.0.10/lib/libSDL2_mixer.dll.a" />
			<Add library="lib/OpenGL/GLEW/lib/libglew32.dll.a" />
			<Add library="opengl32" />
			<Add library="gomp" />
			<Add directory="lib" />
			<Add directory="lib/SDL2-2.0.10/include" />
			<Add directory="lib/OpenGL" />
			<Add directory="lib/OpenGL/GLEW/include" />
			<Add directory="lib/cute_headers" />
			<Add directory="lib/stb" />
		</Linker>
		<Unit filename="makai.cpp" />
		<Extensions>
			<DoxyBlocks>
				<comment_style block="0" line="2" />
				<doxyfile_project />
				<doxyfile_build />
				<doxyfile_warnings />
				<doxyfile_output />
				<doxyfile_dot />
				<general />
			</DoxyBlocks>
			<lib_finder disable_auto="1">
				<lib name="bzip2" />
				<lib name="zlib" />
			</lib_finder>
		</Extensions>
	</Project>
</CodeBlocks_project_file>
