<?xml version="1.0" encoding="UTF-8" standalone="yes" ?>
<CodeBlocks_project_file>
	<FileVersion major="1" minor="6" />
	<Project>
		<Option title="MakaiLib" />
		<Option pch_mode="2" />
		<Option default_target="Release" />
		<Option compiler="gcc" />
		<Build>
			<Target title="Debug">
				<Option output="bin/Debug/program" prefix_auto="1" extension_auto="1" />
				<Option working_dir="res" />
				<Option object_output="obj/Debug/" />
				<Option type="1" />
				<Option compiler="gcc" />
				<Compiler>
					<Add option="-pg" />
					<Add option="-g" />
					<Add option="-fsanitize=leak" />
					<Add option="-fno-omit-frame-pointer" />
					<Add option="-D_DEBUG_OUTPUT_" />
				</Compiler>
				<Linker>
					<Add option="-pg -lgmon" />
					<Add library="opengl32" />
				</Linker>
			</Target>
			<Target title="Release">
				<Option output="bin/Release/program" prefix_auto="1" extension_auto="1" />
				<Option working_dir="res" />
				<Option object_output="obj/Release/" />
				<Option type="0" />
				<Option compiler="gcc" />
				<Linker>
					<Add library="opengl32" />
				</Linker>
			</Target>
		</Build>
		<Compiler>
			<Add option="-fexpensive-optimizations" />
			<Add option="-flto" />
			<Add option="-Wall" />
			<Add option="-std=gnu++20" />
			<Add option="-m64" />
			<Add option="-ftree-parallelize-loops=2" />
			<Add option="-fopenmp" />
			<Add option="-fcoroutines" />
			<Add directory="lib" />
			<Add directory="lib/SDL2-2.0.10/x86_64-w64-mingw32/include" />
			<Add directory="lib/OpenGL" />
			<Add directory="lib/OpenGL/GLEW/include" />
			<Add directory="lib/bzip2-1.0.8" />
			<Add directory="lib/zlib-1.2.13" />
			<Add directory="lib/stk-4.6.2/include" />
			<Add directory="lib/clunk-1.3.261" />
			<Add directory="lib/openal-soft-1.22.2/include" />
			<Add directory="lib/libYSE-1.0_windows/include" />
		</Compiler>
		<ResourceCompiler>
			<Add directory="lib" />
			<Add directory="lib/SDL2-2.0.10/x86_64-w64-mingw32/include" />
			<Add directory="lib/OpenGL" />
			<Add directory="lib/OpenGL/GLEW/include" />
			<Add directory="lib/bzip2-1.0.8" />
			<Add directory="lib/zlib-1.2.13" />
			<Add directory="lib/stk-4.6.2/include" />
			<Add directory="lib/clunk-1.3.261" />
			<Add directory="lib/openal-soft-1.22.2/include" />
			<Add directory="lib/libYSE-1.0_windows/include" />
		</ResourceCompiler>
		<Linker>
			<Add option="-O1" />
			<Add option="-flto" />
			<Add option="-static-libstdc++" />
			<Add option="-static-libgcc" />
			<Add option="-static" />
			<Add option="-m64" />
			<Add library="lib/bzip2-1.0.8/libbz2.a" />
			<Add library="lib/zlib-1.2.13/libz.a" />
			<Add library="lib/SDL2-2.0.10/x86_64-w64-mingw32/lib/libSDL2.dll.a" />
			<Add library="lib/SDL2-2.0.10/x86_64-w64-mingw32/lib/libSDL2main.a" />
			<Add library="lib/SDL2-2.0.10/x86_64-w64-mingw32/lib/libSDL2_mixer.dll.a" />
			<Add library="lib/OpenGL/GLEW/lib/libglew32.dll.a" />
			<Add library="lib/stk-4.6.2/lib/libstk.dll.a" />
			<Add library="lib/clunk-1.3.261/build/libclunk.dll.a" />
			<Add library="lib/openal-soft-1.22.2/libs/Win64/libOpenAL32.dll.a" />
			<Add library="opengl32" />
			<Add library="winmm" />
			<Add library="lib/libYSE-1.0_windows/lib/dll/libyse64.lib" />
			<Add directory="lib" />
			<Add directory="lib/SDL2-2.0.10/x86_64-w64-mingw32/include" />
			<Add directory="lib/OpenGL" />
			<Add directory="lib/OpenGL/GLEW/include" />
			<Add directory="lib/bzip2-1.0.8" />
			<Add directory="lib/zlib-1.2.13" />
			<Add directory="lib/stk-4.6.2/include" />
			<Add directory="lib/clunk-1.3.261" />
			<Add directory="lib/openal-soft-1.22.2/include" />
			<Add directory="lib/libYSE-1.0_windows/include" />
		</Linker>
		<Unit filename="makai.cpp" />
		<Extensions>
			<DoxyBlocks>
				<comment_style block="0" line="2" />
				<doxyfile_project />
				<doxyfile_build />
				<doxyfile_warnings />
				<doxyfile_output />
				<doxyfile_dot />
				<general />
			</DoxyBlocks>
			<lib_finder disable_auto="1">
				<lib name="bzip2" />
				<lib name="zlib" />
			</lib_finder>
		</Extensions>
	</Project>
</CodeBlocks_project_file>
